
Microsoft Visual Studio Solution File, Format Version 12.00
# Visual Studio Version 16
VisualStudioVersion = 16.0.31424.327
MinimumVisualStudioVersion = 10.0.40219.1
Project("{FAE04EC0-301F-11D3-BF4B-00C04F79EFBC}") = "CustomException", "CustomException\CustomException.csproj", "{B7660622-FF9F-48B2-A9F6-3469429383AD}"
EndProject
Global
	GlobalSection(SolutionConfigurationPlatforms) = preSolution
		Debug|Any CPU = Debug|Any CPU
		Release|Any CPU = Release|Any CPU
	EndGlobalSection
	GlobalSection(ProjectConfigurationPlatforms) = postSolution
		{B7660622-FF9F-48B2-A9F6-3469429383AD}.Debug|Any CPU.ActiveCfg = Debug|Any CPU
		{B7660622-FF9F-48B2-A9F6-3469429383AD}.Debug|Any CPU.Build.0 = Debug|Any CPU
		{B7660622-FF9F-48B2-A9F6-3469429383AD}.Release|Any CPU.ActiveCfg = Release|Any CPU
		{B7660622-FF9F-48B2-A9F6-3469429383AD}.Release|Any CPU.Build.0 = Release|Any CPU
	EndGlobalSection
	GlobalSection(SolutionProperties) = preSolution
		HideSolutionNode = FALSE
	EndGlobalSection
	GlobalSection(ExtensibilityGlobals) = postSolution
		SolutionGuid = {017B2876-396E-4CC6-BD9E-D6AB3AAA9B39}
	EndGlobalSection
EndGlobal
